
Microsoft Visual Studio Solution File, Format Version 12.00
# Visual Studio 15
VisualStudioVersion = 15.0.27130.2020
MinimumVisualStudioVersion = 10.0.40219.1
Project("{8BC9CEB8-8B4A-11D0-8D11-00A0C91BC942}") = "0370c", "0370c\0370c.vcxproj", "{3215D88D-C2A6-4375-8A31-826E4B89B4EC}"
EndProject
Global
	GlobalSection(SolutionConfigurationPlatforms) = preSolution
		Debug|x64 = Debug|x64
		Debug|x86 = Debug|x86
		Release|x64 = Release|x64
		Release|x86 = Release|x86
	EndGlobalSection
	GlobalSection(ProjectConfigurationPlatforms) = postSolution
		{3215D88D-C2A6-4375-8A31-826E4B89B4EC}.Debug|x64.ActiveCfg = Debug|x64
		{3215D88D-C2A6-4375-8A31-826E4B89B4EC}.Debug|x64.Build.0 = Debug|x64
		{3215D88D-C2A6-4375-8A31-826E4B89B4EC}.Debug|x86.ActiveCfg = Debug|Win32
		{3215D88D-C2A6-4375-8A31-826E4B89B4EC}.Debug|x86.Build.0 = Debug|Win32
		{3215D88D-C2A6-4375-8A31-826E4B89B4EC}.Release|x64.ActiveCfg = Release|x64
		{3215D88D-C2A6-4375-8A31-826E4B89B4EC}.Release|x64.Build.0 = Release|x64
		{3215D88D-C2A6-4375-8A31-826E4B89B4EC}.Release|x86.ActiveCfg = Release|Win32
		{3215D88D-C2A6-4375-8A31-826E4B89B4EC}.Release|x86.Build.0 = Release|Win32
	EndGlobalSection
	GlobalSection(SolutionProperties) = preSolution
		HideSolutionNode = FALSE
	EndGlobalSection
	GlobalSection(ExtensibilityGlobals) = postSolution
		SolutionGuid = {96A337A8-8707-4056-8D02-1BD90011F945}
	EndGlobalSection
EndGlobal
