
Microsoft Visual Studio Solution File, Format Version 12.00
# Visual Studio 15
VisualStudioVersion = 15.0.27130.2020
MinimumVisualStudioVersion = 10.0.40219.1
Project("{8BC9CEB8-8B4A-11D0-8D11-00A0C91BC942}") = "0213bf", "0213bf\0213bf.vcxproj", "{145007C6-A89D-4B7F-BCA3-595A7BBFBB8D}"
EndProject
Global
	GlobalSection(SolutionConfigurationPlatforms) = preSolution
		Debug|x64 = Debug|x64
		Debug|x86 = Debug|x86
		Release|x64 = Release|x64
		Release|x86 = Release|x86
	EndGlobalSection
	GlobalSection(ProjectConfigurationPlatforms) = postSolution
		{145007C6-A89D-4B7F-BCA3-595A7BBFBB8D}.Debug|x64.ActiveCfg = Debug|x64
		{145007C6-A89D-4B7F-BCA3-595A7BBFBB8D}.Debug|x64.Build.0 = Debug|x64
		{145007C6-A89D-4B7F-BCA3-595A7BBFBB8D}.Debug|x86.ActiveCfg = Debug|Win32
		{145007C6-A89D-4B7F-BCA3-595A7BBFBB8D}.Debug|x86.Build.0 = Debug|Win32
		{145007C6-A89D-4B7F-BCA3-595A7BBFBB8D}.Release|x64.ActiveCfg = Release|x64
		{145007C6-A89D-4B7F-BCA3-595A7BBFBB8D}.Release|x64.Build.0 = Release|x64
		{145007C6-A89D-4B7F-BCA3-595A7BBFBB8D}.Release|x86.ActiveCfg = Release|Win32
		{145007C6-A89D-4B7F-BCA3-595A7BBFBB8D}.Release|x86.Build.0 = Release|Win32
	EndGlobalSection
	GlobalSection(SolutionProperties) = preSolution
		HideSolutionNode = FALSE
	EndGlobalSection
	GlobalSection(ExtensibilityGlobals) = postSolution
		SolutionGuid = {2138A3D6-E580-4271-AF21-90E4478EE484}
	EndGlobalSection
EndGlobal
