
Microsoft Visual Studio Solution File, Format Version 12.00
# Visual Studio 14
VisualStudioVersion = 14.0.25420.1
MinimumVisualStudioVersion = 10.0.40219.1
Project("{8BC9CEB8-8B4A-11D0-8D11-00A0C91BC942}") = "euler552", "euler552\euler552.vcxproj", "{93C9E651-D601-4636-948C-0B38D0950D73}"
EndProject
Project("{8BC9CEB8-8B4A-11D0-8D11-00A0C91BC942}") = "euler575", "euler575\euler575.vcxproj", "{A0B84DDC-5786-4AF1-9637-DE1AA155AD6C}"
EndProject
Project("{FAE04EC0-301F-11D3-BF4B-00C04F79EFBC}") = "euler579", "euler579\euler579.csproj", "{E443D894-1F56-44F6-A78E-C70D81F1C1B8}"
EndProject
Project("{FAE04EC0-301F-11D3-BF4B-00C04F79EFBC}") = "printfactors", "printfactors\printfactors.csproj", "{AA6EF9A9-AC02-429A-9254-54EB6CE5D098}"
EndProject
Project("{FAE04EC0-301F-11D3-BF4B-00C04F79EFBC}") = "euler579_findtwins", "euler579_findtwins\euler579_findtwins.csproj", "{5F534547-5913-4F39-B205-C5532C0726A7}"
EndProject
Project("{8BC9CEB8-8B4A-11D0-8D11-00A0C91BC942}") = "euler579c", "euler579c\euler579c.vcxproj", "{E3065AE3-8D20-4EA1-8B77-C0C98D60A9B9}"
EndProject
Project("{FAE04EC0-301F-11D3-BF4B-00C04F79EFBC}") = "euler579cs2", "euler579cs2\euler579cs2.csproj", "{0CD5974C-3737-4792-9872-8E6FCA3E7195}"
EndProject
Project("{FAE04EC0-301F-11D3-BF4B-00C04F79EFBC}") = "Helpers", "Helpers\Helpers.csproj", "{D76FFB13-E9FC-468F-BB61-2D28CBA6B167}"
EndProject
Project("{8BC9CEB8-8B4A-11D0-8D11-00A0C91BC942}") = "threadtest", "threadtest\threadtest.vcxproj", "{FFBA7B58-01FD-457E-820B-7EC11EFE7AB5}"
EndProject
Project("{FAE04EC0-301F-11D3-BF4B-00C04F79EFBC}") = "Tests", "Tests\Tests.csproj", "{7CE351C8-F80A-4B39-9696-33CFE141EB4B}"
EndProject
Project("{8BC9CEB8-8B4A-11D0-8D11-00A0C91BC942}") = "euler583c", "euler583c\euler583c.vcxproj", "{7A4D15EA-CC91-4771-B27A-D3ACB16D0A56}"
EndProject
Global
	GlobalSection(SolutionConfigurationPlatforms) = preSolution
		Debug|Any CPU = Debug|Any CPU
		Debug|x64 = Debug|x64
		Debug|x86 = Debug|x86
		Release|Any CPU = Release|Any CPU
		Release|x64 = Release|x64
		Release|x86 = Release|x86
	EndGlobalSection
	GlobalSection(ProjectConfigurationPlatforms) = postSolution
		{93C9E651-D601-4636-948C-0B38D0950D73}.Debug|Any CPU.ActiveCfg = Debug|Win32
		{93C9E651-D601-4636-948C-0B38D0950D73}.Debug|x64.ActiveCfg = Debug|x64
		{93C9E651-D601-4636-948C-0B38D0950D73}.Debug|x64.Build.0 = Debug|x64
		{93C9E651-D601-4636-948C-0B38D0950D73}.Debug|x86.ActiveCfg = Debug|Win32
		{93C9E651-D601-4636-948C-0B38D0950D73}.Debug|x86.Build.0 = Debug|Win32
		{93C9E651-D601-4636-948C-0B38D0950D73}.Release|Any CPU.ActiveCfg = Release|Win32
		{93C9E651-D601-4636-948C-0B38D0950D73}.Release|x64.ActiveCfg = Release|x64
		{93C9E651-D601-4636-948C-0B38D0950D73}.Release|x64.Build.0 = Release|x64
		{93C9E651-D601-4636-948C-0B38D0950D73}.Release|x86.ActiveCfg = Release|Win32
		{93C9E651-D601-4636-948C-0B38D0950D73}.Release|x86.Build.0 = Release|Win32
		{A0B84DDC-5786-4AF1-9637-DE1AA155AD6C}.Debug|Any CPU.ActiveCfg = Debug|Win32
		{A0B84DDC-5786-4AF1-9637-DE1AA155AD6C}.Debug|x64.ActiveCfg = Debug|x64
		{A0B84DDC-5786-4AF1-9637-DE1AA155AD6C}.Debug|x64.Build.0 = Debug|x64
		{A0B84DDC-5786-4AF1-9637-DE1AA155AD6C}.Debug|x86.ActiveCfg = Debug|Win32
		{A0B84DDC-5786-4AF1-9637-DE1AA155AD6C}.Debug|x86.Build.0 = Debug|Win32
		{A0B84DDC-5786-4AF1-9637-DE1AA155AD6C}.Release|Any CPU.ActiveCfg = Release|Win32
		{A0B84DDC-5786-4AF1-9637-DE1AA155AD6C}.Release|x64.ActiveCfg = Release|x64
		{A0B84DDC-5786-4AF1-9637-DE1AA155AD6C}.Release|x64.Build.0 = Release|x64
		{A0B84DDC-5786-4AF1-9637-DE1AA155AD6C}.Release|x86.ActiveCfg = Release|Win32
		{A0B84DDC-5786-4AF1-9637-DE1AA155AD6C}.Release|x86.Build.0 = Release|Win32
		{E443D894-1F56-44F6-A78E-C70D81F1C1B8}.Debug|Any CPU.ActiveCfg = Debug|Any CPU
		{E443D894-1F56-44F6-A78E-C70D81F1C1B8}.Debug|Any CPU.Build.0 = Debug|Any CPU
		{E443D894-1F56-44F6-A78E-C70D81F1C1B8}.Debug|x64.ActiveCfg = Debug|Any CPU
		{E443D894-1F56-44F6-A78E-C70D81F1C1B8}.Debug|x64.Build.0 = Debug|Any CPU
		{E443D894-1F56-44F6-A78E-C70D81F1C1B8}.Debug|x86.ActiveCfg = Debug|Any CPU
		{E443D894-1F56-44F6-A78E-C70D81F1C1B8}.Debug|x86.Build.0 = Debug|Any CPU
		{E443D894-1F56-44F6-A78E-C70D81F1C1B8}.Release|Any CPU.ActiveCfg = Release|Any CPU
		{E443D894-1F56-44F6-A78E-C70D81F1C1B8}.Release|Any CPU.Build.0 = Release|Any CPU
		{E443D894-1F56-44F6-A78E-C70D81F1C1B8}.Release|x64.ActiveCfg = Release|Any CPU
		{E443D894-1F56-44F6-A78E-C70D81F1C1B8}.Release|x64.Build.0 = Release|Any CPU
		{E443D894-1F56-44F6-A78E-C70D81F1C1B8}.Release|x86.ActiveCfg = Release|Any CPU
		{E443D894-1F56-44F6-A78E-C70D81F1C1B8}.Release|x86.Build.0 = Release|Any CPU
		{AA6EF9A9-AC02-429A-9254-54EB6CE5D098}.Debug|Any CPU.ActiveCfg = Debug|Any CPU
		{AA6EF9A9-AC02-429A-9254-54EB6CE5D098}.Debug|Any CPU.Build.0 = Debug|Any CPU
		{AA6EF9A9-AC02-429A-9254-54EB6CE5D098}.Debug|x64.ActiveCfg = Debug|Any CPU
		{AA6EF9A9-AC02-429A-9254-54EB6CE5D098}.Debug|x64.Build.0 = Debug|Any CPU
		{AA6EF9A9-AC02-429A-9254-54EB6CE5D098}.Debug|x86.ActiveCfg = Debug|Any CPU
		{AA6EF9A9-AC02-429A-9254-54EB6CE5D098}.Debug|x86.Build.0 = Debug|Any CPU
		{AA6EF9A9-AC02-429A-9254-54EB6CE5D098}.Release|Any CPU.ActiveCfg = Release|Any CPU
		{AA6EF9A9-AC02-429A-9254-54EB6CE5D098}.Release|Any CPU.Build.0 = Release|Any CPU
		{AA6EF9A9-AC02-429A-9254-54EB6CE5D098}.Release|x64.ActiveCfg = Release|Any CPU
		{AA6EF9A9-AC02-429A-9254-54EB6CE5D098}.Release|x64.Build.0 = Release|Any CPU
		{AA6EF9A9-AC02-429A-9254-54EB6CE5D098}.Release|x86.ActiveCfg = Release|Any CPU
		{AA6EF9A9-AC02-429A-9254-54EB6CE5D098}.Release|x86.Build.0 = Release|Any CPU
		{5F534547-5913-4F39-B205-C5532C0726A7}.Debug|Any CPU.ActiveCfg = Debug|Any CPU
		{5F534547-5913-4F39-B205-C5532C0726A7}.Debug|Any CPU.Build.0 = Debug|Any CPU
		{5F534547-5913-4F39-B205-C5532C0726A7}.Debug|x64.ActiveCfg = Debug|Any CPU
		{5F534547-5913-4F39-B205-C5532C0726A7}.Debug|x64.Build.0 = Debug|Any CPU
		{5F534547-5913-4F39-B205-C5532C0726A7}.Debug|x86.ActiveCfg = Debug|Any CPU
		{5F534547-5913-4F39-B205-C5532C0726A7}.Debug|x86.Build.0 = Debug|Any CPU
		{5F534547-5913-4F39-B205-C5532C0726A7}.Release|Any CPU.ActiveCfg = Release|Any CPU
		{5F534547-5913-4F39-B205-C5532C0726A7}.Release|Any CPU.Build.0 = Release|Any CPU
		{5F534547-5913-4F39-B205-C5532C0726A7}.Release|x64.ActiveCfg = Release|Any CPU
		{5F534547-5913-4F39-B205-C5532C0726A7}.Release|x64.Build.0 = Release|Any CPU
		{5F534547-5913-4F39-B205-C5532C0726A7}.Release|x86.ActiveCfg = Release|Any CPU
		{5F534547-5913-4F39-B205-C5532C0726A7}.Release|x86.Build.0 = Release|Any CPU
		{E3065AE3-8D20-4EA1-8B77-C0C98D60A9B9}.Debug|Any CPU.ActiveCfg = Debug|Win32
		{E3065AE3-8D20-4EA1-8B77-C0C98D60A9B9}.Debug|x64.ActiveCfg = Debug|x64
		{E3065AE3-8D20-4EA1-8B77-C0C98D60A9B9}.Debug|x64.Build.0 = Debug|x64
		{E3065AE3-8D20-4EA1-8B77-C0C98D60A9B9}.Debug|x86.ActiveCfg = Debug|Win32
		{E3065AE3-8D20-4EA1-8B77-C0C98D60A9B9}.Debug|x86.Build.0 = Debug|Win32
		{E3065AE3-8D20-4EA1-8B77-C0C98D60A9B9}.Release|Any CPU.ActiveCfg = Release|Win32
		{E3065AE3-8D20-4EA1-8B77-C0C98D60A9B9}.Release|x64.ActiveCfg = Release|x64
		{E3065AE3-8D20-4EA1-8B77-C0C98D60A9B9}.Release|x64.Build.0 = Release|x64
		{E3065AE3-8D20-4EA1-8B77-C0C98D60A9B9}.Release|x86.ActiveCfg = Release|Win32
		{E3065AE3-8D20-4EA1-8B77-C0C98D60A9B9}.Release|x86.Build.0 = Release|Win32
		{0CD5974C-3737-4792-9872-8E6FCA3E7195}.Debug|Any CPU.ActiveCfg = Debug|Any CPU
		{0CD5974C-3737-4792-9872-8E6FCA3E7195}.Debug|Any CPU.Build.0 = Debug|Any CPU
		{0CD5974C-3737-4792-9872-8E6FCA3E7195}.Debug|x64.ActiveCfg = Debug|Any CPU
		{0CD5974C-3737-4792-9872-8E6FCA3E7195}.Debug|x64.Build.0 = Debug|Any CPU
		{0CD5974C-3737-4792-9872-8E6FCA3E7195}.Debug|x86.ActiveCfg = Debug|Any CPU
		{0CD5974C-3737-4792-9872-8E6FCA3E7195}.Debug|x86.Build.0 = Debug|Any CPU
		{0CD5974C-3737-4792-9872-8E6FCA3E7195}.Release|Any CPU.ActiveCfg = Release|Any CPU
		{0CD5974C-3737-4792-9872-8E6FCA3E7195}.Release|Any CPU.Build.0 = Release|Any CPU
		{0CD5974C-3737-4792-9872-8E6FCA3E7195}.Release|x64.ActiveCfg = Release|Any CPU
		{0CD5974C-3737-4792-9872-8E6FCA3E7195}.Release|x64.Build.0 = Release|Any CPU
		{0CD5974C-3737-4792-9872-8E6FCA3E7195}.Release|x86.ActiveCfg = Release|Any CPU
		{0CD5974C-3737-4792-9872-8E6FCA3E7195}.Release|x86.Build.0 = Release|Any CPU
		{D76FFB13-E9FC-468F-BB61-2D28CBA6B167}.Debug|Any CPU.ActiveCfg = Debug|Any CPU
		{D76FFB13-E9FC-468F-BB61-2D28CBA6B167}.Debug|Any CPU.Build.0 = Debug|Any CPU
		{D76FFB13-E9FC-468F-BB61-2D28CBA6B167}.Debug|x64.ActiveCfg = Debug|Any CPU
		{D76FFB13-E9FC-468F-BB61-2D28CBA6B167}.Debug|x64.Build.0 = Debug|Any CPU
		{D76FFB13-E9FC-468F-BB61-2D28CBA6B167}.Debug|x86.ActiveCfg = Debug|Any CPU
		{D76FFB13-E9FC-468F-BB61-2D28CBA6B167}.Debug|x86.Build.0 = Debug|Any CPU
		{D76FFB13-E9FC-468F-BB61-2D28CBA6B167}.Release|Any CPU.ActiveCfg = Release|Any CPU
		{D76FFB13-E9FC-468F-BB61-2D28CBA6B167}.Release|Any CPU.Build.0 = Release|Any CPU
		{D76FFB13-E9FC-468F-BB61-2D28CBA6B167}.Release|x64.ActiveCfg = Release|Any CPU
		{D76FFB13-E9FC-468F-BB61-2D28CBA6B167}.Release|x64.Build.0 = Release|Any CPU
		{D76FFB13-E9FC-468F-BB61-2D28CBA6B167}.Release|x86.ActiveCfg = Release|Any CPU
		{D76FFB13-E9FC-468F-BB61-2D28CBA6B167}.Release|x86.Build.0 = Release|Any CPU
		{FFBA7B58-01FD-457E-820B-7EC11EFE7AB5}.Debug|Any CPU.ActiveCfg = Debug|Win32
		{FFBA7B58-01FD-457E-820B-7EC11EFE7AB5}.Debug|x64.ActiveCfg = Debug|x64
		{FFBA7B58-01FD-457E-820B-7EC11EFE7AB5}.Debug|x64.Build.0 = Debug|x64
		{FFBA7B58-01FD-457E-820B-7EC11EFE7AB5}.Debug|x86.ActiveCfg = Debug|Win32
		{FFBA7B58-01FD-457E-820B-7EC11EFE7AB5}.Debug|x86.Build.0 = Debug|Win32
		{FFBA7B58-01FD-457E-820B-7EC11EFE7AB5}.Release|Any CPU.ActiveCfg = Release|Win32
		{FFBA7B58-01FD-457E-820B-7EC11EFE7AB5}.Release|x64.ActiveCfg = Release|x64
		{FFBA7B58-01FD-457E-820B-7EC11EFE7AB5}.Release|x64.Build.0 = Release|x64
		{FFBA7B58-01FD-457E-820B-7EC11EFE7AB5}.Release|x86.ActiveCfg = Release|Win32
		{FFBA7B58-01FD-457E-820B-7EC11EFE7AB5}.Release|x86.Build.0 = Release|Win32
		{7CE351C8-F80A-4B39-9696-33CFE141EB4B}.Debug|Any CPU.ActiveCfg = Debug|Any CPU
		{7CE351C8-F80A-4B39-9696-33CFE141EB4B}.Debug|Any CPU.Build.0 = Debug|Any CPU
		{7CE351C8-F80A-4B39-9696-33CFE141EB4B}.Debug|x64.ActiveCfg = Debug|Any CPU
		{7CE351C8-F80A-4B39-9696-33CFE141EB4B}.Debug|x64.Build.0 = Debug|Any CPU
		{7CE351C8-F80A-4B39-9696-33CFE141EB4B}.Debug|x86.ActiveCfg = Debug|Any CPU
		{7CE351C8-F80A-4B39-9696-33CFE141EB4B}.Debug|x86.Build.0 = Debug|Any CPU
		{7CE351C8-F80A-4B39-9696-33CFE141EB4B}.Release|Any CPU.ActiveCfg = Release|Any CPU
		{7CE351C8-F80A-4B39-9696-33CFE141EB4B}.Release|Any CPU.Build.0 = Release|Any CPU
		{7CE351C8-F80A-4B39-9696-33CFE141EB4B}.Release|x64.ActiveCfg = Release|Any CPU
		{7CE351C8-F80A-4B39-9696-33CFE141EB4B}.Release|x64.Build.0 = Release|Any CPU
		{7CE351C8-F80A-4B39-9696-33CFE141EB4B}.Release|x86.ActiveCfg = Release|Any CPU
		{7CE351C8-F80A-4B39-9696-33CFE141EB4B}.Release|x86.Build.0 = Release|Any CPU
		{7A4D15EA-CC91-4771-B27A-D3ACB16D0A56}.Debug|Any CPU.ActiveCfg = Debug|Win32
		{7A4D15EA-CC91-4771-B27A-D3ACB16D0A56}.Debug|x64.ActiveCfg = Debug|x64
		{7A4D15EA-CC91-4771-B27A-D3ACB16D0A56}.Debug|x64.Build.0 = Debug|x64
		{7A4D15EA-CC91-4771-B27A-D3ACB16D0A56}.Debug|x86.ActiveCfg = Debug|Win32
		{7A4D15EA-CC91-4771-B27A-D3ACB16D0A56}.Debug|x86.Build.0 = Debug|Win32
		{7A4D15EA-CC91-4771-B27A-D3ACB16D0A56}.Release|Any CPU.ActiveCfg = Release|Win32
		{7A4D15EA-CC91-4771-B27A-D3ACB16D0A56}.Release|x64.ActiveCfg = Release|x64
		{7A4D15EA-CC91-4771-B27A-D3ACB16D0A56}.Release|x64.Build.0 = Release|x64
		{7A4D15EA-CC91-4771-B27A-D3ACB16D0A56}.Release|x86.ActiveCfg = Release|Win32
		{7A4D15EA-CC91-4771-B27A-D3ACB16D0A56}.Release|x86.Build.0 = Release|Win32
	EndGlobalSection
	GlobalSection(SolutionProperties) = preSolution
		HideSolutionNode = FALSE
	EndGlobalSection
EndGlobal
