
Microsoft Visual Studio Solution File, Format Version 12.00
# Visual Studio 15
VisualStudioVersion = 15.0.27130.2020
MinimumVisualStudioVersion = 10.0.40219.1
Project("{FAE04EC0-301F-11D3-BF4B-00C04F79EFBC}") = "0213cs", "0213cs\0213cs.csproj", "{9C0C5FE1-F41F-4E86-B4BA-371A5988DF4E}"
EndProject
Global
	GlobalSection(SolutionConfigurationPlatforms) = preSolution
		Debug|Any CPU = Debug|Any CPU
		Release|Any CPU = Release|Any CPU
	EndGlobalSection
	GlobalSection(ProjectConfigurationPlatforms) = postSolution
		{9C0C5FE1-F41F-4E86-B4BA-371A5988DF4E}.Debug|Any CPU.ActiveCfg = Debug|Any CPU
		{9C0C5FE1-F41F-4E86-B4BA-371A5988DF4E}.Debug|Any CPU.Build.0 = Debug|Any CPU
		{9C0C5FE1-F41F-4E86-B4BA-371A5988DF4E}.Release|Any CPU.ActiveCfg = Release|Any CPU
		{9C0C5FE1-F41F-4E86-B4BA-371A5988DF4E}.Release|Any CPU.Build.0 = Release|Any CPU
	EndGlobalSection
	GlobalSection(SolutionProperties) = preSolution
		HideSolutionNode = FALSE
	EndGlobalSection
	GlobalSection(ExtensibilityGlobals) = postSolution
		SolutionGuid = {6B33676A-AB2D-4955-A4CC-32DA0291DA22}
	EndGlobalSection
EndGlobal
