
Microsoft Visual Studio Solution File, Format Version 12.00
# Visual Studio 15
VisualStudioVersion = 15.0.27130.2020
MinimumVisualStudioVersion = 10.0.40219.1
Project("{FAE04EC0-301F-11D3-BF4B-00C04F79EFBC}") = "0210vis", "0210vis\0210vis.csproj", "{7A37FE9E-DBAA-4FBF-AD19-4B437776FDEC}"
EndProject
Global
	GlobalSection(SolutionConfigurationPlatforms) = preSolution
		Debug|Any CPU = Debug|Any CPU
		Release|Any CPU = Release|Any CPU
	EndGlobalSection
	GlobalSection(ProjectConfigurationPlatforms) = postSolution
		{7A37FE9E-DBAA-4FBF-AD19-4B437776FDEC}.Debug|Any CPU.ActiveCfg = Debug|Any CPU
		{7A37FE9E-DBAA-4FBF-AD19-4B437776FDEC}.Debug|Any CPU.Build.0 = Debug|Any CPU
		{7A37FE9E-DBAA-4FBF-AD19-4B437776FDEC}.Release|Any CPU.ActiveCfg = Release|Any CPU
		{7A37FE9E-DBAA-4FBF-AD19-4B437776FDEC}.Release|Any CPU.Build.0 = Release|Any CPU
	EndGlobalSection
	GlobalSection(SolutionProperties) = preSolution
		HideSolutionNode = FALSE
	EndGlobalSection
	GlobalSection(ExtensibilityGlobals) = postSolution
		SolutionGuid = {83F3BDAC-9955-454C-8D2B-31575BC8C7FC}
	EndGlobalSection
EndGlobal
