
Microsoft Visual Studio Solution File, Format Version 12.00
# Visual Studio 15
VisualStudioVersion = 15.0.27130.2020
MinimumVisualStudioVersion = 10.0.40219.1
Project("{FAE04EC0-301F-11D3-BF4B-00C04F79EFBC}") = "euler7", "euler7\euler7.csproj", "{EFEAD0A1-BA69-4EC7-85D2-0DEEA776692E}"
EndProject
Global
	GlobalSection(SolutionConfigurationPlatforms) = preSolution
		Debug|Any CPU = Debug|Any CPU
		Release|Any CPU = Release|Any CPU
	EndGlobalSection
	GlobalSection(ProjectConfigurationPlatforms) = postSolution
		{EFEAD0A1-BA69-4EC7-85D2-0DEEA776692E}.Debug|Any CPU.ActiveCfg = Debug|Any CPU
		{EFEAD0A1-BA69-4EC7-85D2-0DEEA776692E}.Debug|Any CPU.Build.0 = Debug|Any CPU
		{EFEAD0A1-BA69-4EC7-85D2-0DEEA776692E}.Release|Any CPU.ActiveCfg = Release|Any CPU
		{EFEAD0A1-BA69-4EC7-85D2-0DEEA776692E}.Release|Any CPU.Build.0 = Release|Any CPU
	EndGlobalSection
	GlobalSection(SolutionProperties) = preSolution
		HideSolutionNode = FALSE
	EndGlobalSection
	GlobalSection(ExtensibilityGlobals) = postSolution
		SolutionGuid = {4FB45799-B75F-4E19-A956-CF8FA031DA29}
	EndGlobalSection
EndGlobal
