
Microsoft Visual Studio Solution File, Format Version 12.00
# Visual Studio 15
VisualStudioVersion = 15.0.27130.2020
MinimumVisualStudioVersion = 10.0.40219.1
Project("{FAE04EC0-301F-11D3-BF4B-00C04F79EFBC}") = "euler37", "euler37\euler37.csproj", "{3ED622D0-7588-4C50-AEB4-60E7B2CBA26D}"
EndProject
Global
	GlobalSection(SolutionConfigurationPlatforms) = preSolution
		Debug|Any CPU = Debug|Any CPU
		Release|Any CPU = Release|Any CPU
	EndGlobalSection
	GlobalSection(ProjectConfigurationPlatforms) = postSolution
		{3ED622D0-7588-4C50-AEB4-60E7B2CBA26D}.Debug|Any CPU.ActiveCfg = Debug|Any CPU
		{3ED622D0-7588-4C50-AEB4-60E7B2CBA26D}.Debug|Any CPU.Build.0 = Debug|Any CPU
		{3ED622D0-7588-4C50-AEB4-60E7B2CBA26D}.Release|Any CPU.ActiveCfg = Release|Any CPU
		{3ED622D0-7588-4C50-AEB4-60E7B2CBA26D}.Release|Any CPU.Build.0 = Release|Any CPU
	EndGlobalSection
	GlobalSection(SolutionProperties) = preSolution
		HideSolutionNode = FALSE
	EndGlobalSection
	GlobalSection(ExtensibilityGlobals) = postSolution
		SolutionGuid = {1E61F3CC-0DAE-4964-972A-EDA74C2B593D}
	EndGlobalSection
EndGlobal
