
Microsoft Visual Studio Solution File, Format Version 12.00
# Visual Studio 15
VisualStudioVersion = 15.0.27130.2020
MinimumVisualStudioVersion = 10.0.40219.1
Project("{FAE04EC0-301F-11D3-BF4B-00C04F79EFBC}") = "0191", "0191\0191.csproj", "{7A54F2F5-5024-4511-92A6-E6B2D146E3C0}"
EndProject
Global
	GlobalSection(SolutionConfigurationPlatforms) = preSolution
		Debug|Any CPU = Debug|Any CPU
		Release|Any CPU = Release|Any CPU
	EndGlobalSection
	GlobalSection(ProjectConfigurationPlatforms) = postSolution
		{7A54F2F5-5024-4511-92A6-E6B2D146E3C0}.Debug|Any CPU.ActiveCfg = Debug|Any CPU
		{7A54F2F5-5024-4511-92A6-E6B2D146E3C0}.Debug|Any CPU.Build.0 = Debug|Any CPU
		{7A54F2F5-5024-4511-92A6-E6B2D146E3C0}.Release|Any CPU.ActiveCfg = Release|Any CPU
		{7A54F2F5-5024-4511-92A6-E6B2D146E3C0}.Release|Any CPU.Build.0 = Release|Any CPU
	EndGlobalSection
	GlobalSection(SolutionProperties) = preSolution
		HideSolutionNode = FALSE
	EndGlobalSection
	GlobalSection(ExtensibilityGlobals) = postSolution
		SolutionGuid = {A96B6ABC-00CD-4265-A26D-6589692BDD2D}
	EndGlobalSection
EndGlobal
